
Microsoft Visual Studio Solution File, Format Version 12.00
# Visual Studio Version 16
VisualStudioVersion = 16.0.30406.217
MinimumVisualStudioVersion = 10.0.40219.1
Project("{FAE04EC0-301F-11D3-BF4B-00C04F79EFBC}") = "ExemploXML", "ExemploXML\ExemploXML.csproj", "{DB5F2827-5CE8-4FEF-BBED-00EF60CAE4D1}"
EndProject
Global
	GlobalSection(SolutionConfigurationPlatforms) = preSolution
		Debug|Any CPU = Debug|Any CPU
		Release|Any CPU = Release|Any CPU
	EndGlobalSection
	GlobalSection(ProjectConfigurationPlatforms) = postSolution
		{DB5F2827-5CE8-4FEF-BBED-00EF60CAE4D1}.Debug|Any CPU.ActiveCfg = Debug|Any CPU
		{DB5F2827-5CE8-4FEF-BBED-00EF60CAE4D1}.Debug|Any CPU.Build.0 = Debug|Any CPU
		{DB5F2827-5CE8-4FEF-BBED-00EF60CAE4D1}.Release|Any CPU.ActiveCfg = Release|Any CPU
		{DB5F2827-5CE8-4FEF-BBED-00EF60CAE4D1}.Release|Any CPU.Build.0 = Release|Any CPU
	EndGlobalSection
	GlobalSection(SolutionProperties) = preSolution
		HideSolutionNode = FALSE
	EndGlobalSection
	GlobalSection(ExtensibilityGlobals) = postSolution
		SolutionGuid = {B658B111-4E6F-439B-BF57-4846CAC44E65}
	EndGlobalSection
EndGlobal
